Microsoft Visual Studio Solution File, Format Version 12.00
# Visual Studio 2012
Project("{FAE04EC0-301F-11D3-BF4B-00C04F79EFBC}") = "Open Top Down Engine", "Open Top Down Engine.csproj", "{4D73481B-E517-4F0F-A928-2435B00C2D22}"
EndProject
Global
	GlobalSection(SolutionConfigurationPlatforms) = preSolution
	Debug|Any CPU = Debug|Any CPU
	ExportDebug|Any CPU = ExportDebug|Any CPU
	ExportRelease|Any CPU = ExportRelease|Any CPU
	EndGlobalSection
	GlobalSection(ProjectConfigurationPlatforms) = postSolution
		{4D73481B-E517-4F0F-A928-2435B00C2D22}.Debug|Any CPU.ActiveCfg = Debug|Any CPU
		{4D73481B-E517-4F0F-A928-2435B00C2D22}.Debug|Any CPU.Build.0 = Debug|Any CPU
		{4D73481B-E517-4F0F-A928-2435B00C2D22}.ExportDebug|Any CPU.ActiveCfg = ExportDebug|Any CPU
		{4D73481B-E517-4F0F-A928-2435B00C2D22}.ExportDebug|Any CPU.Build.0 = ExportDebug|Any CPU
		{4D73481B-E517-4F0F-A928-2435B00C2D22}.ExportRelease|Any CPU.ActiveCfg = ExportRelease|Any CPU
		{4D73481B-E517-4F0F-A928-2435B00C2D22}.ExportRelease|Any CPU.Build.0 = ExportRelease|Any CPU
	EndGlobalSection
EndGlobal
